
Microsoft Visual Studio Solution File, Format Version 12.00
# Visual Studio Version 17
VisualStudioVersion = 17.1.32228.430
MinimumVisualStudioVersion = 10.0.40219.1
Project("{FAE04EC0-301F-11D3-BF4B-00C04F79EFBC}") = "Gramaticas", "Gramaticas\Gramaticas.csproj", "{5B38B554-7EDC-43CE-82BB-11D330D813A0}"
EndProject
Global
	GlobalSection(SolutionConfigurationPlatforms) = preSolution
		Debug|Any CPU = Debug|Any CPU
		Release|Any CPU = Release|Any CPU
	EndGlobalSection
	GlobalSection(ProjectConfigurationPlatforms) = postSolution
		{5B38B554-7EDC-43CE-82BB-11D330D813A0}.Debug|Any CPU.ActiveCfg = Debug|Any CPU
		{5B38B554-7EDC-43CE-82BB-11D330D813A0}.Debug|Any CPU.Build.0 = Debug|Any CPU
		{5B38B554-7EDC-43CE-82BB-11D330D813A0}.Release|Any CPU.ActiveCfg = Release|Any CPU
		{5B38B554-7EDC-43CE-82BB-11D330D813A0}.Release|Any CPU.Build.0 = Release|Any CPU
	EndGlobalSection
	GlobalSection(SolutionProperties) = preSolution
		HideSolutionNode = FALSE
	EndGlobalSection
	GlobalSection(ExtensibilityGlobals) = postSolution
		SolutionGuid = {D2FD61E9-EE1C-4C68-B280-35CAB8BEA163}
	EndGlobalSection
EndGlobal
